// !$*UTF8*$!
{
	archiveVersion = 1;
	classes = {
	};
	objectVersion = 50;
	objects = {

/* Begin PBXBuildFile section */
		57F7F1C221CA269700DF6295 /* AppDelegate.swift in Sources */ = {isa = PBXBuildFile; fileRef = 57F7F1C121CA269700DF6295 /* AppDelegate.swift */; };
		57F7F1C421CA269700DF6295 /* ViewController.swift in Sources */ = {isa = PBXBuildFile; fileRef = 57F7F1C321CA269700DF6295 /* ViewController.swift */; };
		57F7F1C721CA269700DF6295 /* Main.storyboard in Resources */ = {isa = PBXBuildFile; fileRef = 57F7F1C521CA269700DF6295 /* Main.storyboard */; };
		57F7F1C921CA269800DF6295 /* Assets.xcassets in Resources */ = {isa = PBXBuildFile; fileRef = 57F7F1C821CA269800DF6295 /* Assets.xcassets */; };
		57F7F1CC21CA269800DF6295 /* LaunchScreen.storyboard in Resources */ = {isa = PBXBuildFile; fileRef = 57F7F1CA21CA269800DF6295 /* LaunchScreen.storyboard */; };
		57F7F1D421CA26B600DF6295 /* FantasticView.swift in Sources */ = {isa = PBXBuildFile; fileRef = 57F7F1D321CA26B600DF6295 /* FantasticView.swift */; };
/* End PBXBuildFile section */

/* Begin PBXFileReference section */
		57F7F1BE21CA269700DF6295 /* FantasticView.app */ = {isa = PBXFileReference; explicitFileType = wrapper.application; includeInIndex = 0; path = FantasticView.app; sourceTree = BUILT_PRODUCTS_DIR; };
		57F7F1C121CA269700DF6295 /* AppDelegate.swift */ = {isa = PBXFileReference; lastKnownFileType = sourcecode.swift; path = AppDelegate.swift; sourceTree = "<group>"; };
		57F7F1C321CA269700DF6295 /* ViewController.swift */ = {isa = PBXFileReference; lastKnownFileType = sourcecode.swift; path = ViewController.swift; sourceTree = "<group>"; };
		57F7F1C621CA269700DF6295 /* Base */ = {isa = PBXFileReference; lastKnownFileType = file.storyboard; name = Base; path = Base.lproj/Main.storyboard; sourceTree = "<group>"; };
		57F7F1C821CA269800DF6295 /* Assets.xcassets */ = {isa = PBXFileReference; lastKnownFileType = folder.assetcatalog; path = Assets.xcassets; sourceTree = "<group>"; };
		57F7F1CB21CA269800DF6295 /* Base */ = {isa = PBXFileReference; lastKnownFileType = file.storyboard; name = Base; path = Base.lproj/LaunchScreen.storyboard; sourceTree = "<group>"; };
		57F7F1CD21CA269800DF6295 /* Info.plist */ = {isa = PBXFileReference; lastKnownFileType = text.plist.xml; path = Info.plist; sourceTree = "<group>"; };
		57F7F1D321CA26B600DF6295 /* FantasticView.swift */ = {isa = PBXFileReference; fileEncoding = 4; lastKnownFileType = sourcecode.swift; path = FantasticView.swift; sourceTree = "<group>"; };
/* End PBXFileReference section */

/* Begin PBXFrameworksBuildPhase section */
		57F7F1BB21CA269700DF6295 /* Frameworks */ = {
			isa = PBXFrameworksBuildPhase;
			buildActionMask = 2147483647;
			files = (
			);
			runOnlyForDeploymentPostprocessing = 0;
		};
/* End PBXFrameworksBuildPhase section */

/* Begin PBXGroup section */
		57F7F1B521CA269700DF6295 = {
			isa = PBXGroup;
			children = (
				57F7F1C021CA269700DF6295 /* FantasticView */,
				57F7F1BF21CA269700DF6295 /* Products */,
			);
			sourceTree = "<group>";
		};
		57F7F1BF21CA269700DF6295 /* Products */ = {
			isa = PBXGroup;
			children = (
				57F7F1BE21CA269700DF6295 /* FantasticView.app */,
			);
			name = Products;
			sourceTree = "<group>";
		};
		57F7F1C021CA269700DF6295 /* FantasticView */ = {
			isa = PBXGroup;
			children = (
				57F7F1C121CA269700DF6295 /* AppDelegate.swift */,
				57F7F1C321CA269700DF6295 /* ViewController.swift */,
				57F7F1D321CA26B600DF6295 /* FantasticView.swift */,
				57F7F1C521CA269700DF6295 /* Main.storyboard */,
				57F7F1C821CA269800DF6295 /* Assets.xcassets */,
				57F7F1CA21CA269800DF6295 /* LaunchScreen.storyboard */,
				57F7F1CD21CA269800DF6295 /* Info.plist */,
			);
			path = FantasticView;
			sourceTree = "<group>";
		};
/* End PBXGroup section */

/* Begin PBXNativeTarget section */
		57F7F1BD21CA269700DF6295 /* FantasticView */ = {
			isa = PBXNativeTarget;
			buildConfigurationList = 57F7F1D021CA269800DF6295 /* Build configuration list for PBXNativeTarget "FantasticView" */;
			buildPhases = (
				57F7F1BA21CA269700DF6295 /* Sources */,
				57F7F1BB21CA269700DF6295 /* Frameworks */,
				57F7F1BC21CA269700DF6295 /* Resources */,
			);
			buildRules = (
			);
			dependencies = (
			);
			name = FantasticView;
			productName = FantasticView;
			productReference = 57F7F1BE21CA269700DF6295 /* FantasticView.app */;
			productType = "com.apple.product-type.application";
		};
/* End PBXNativeTarget section */

/* Begin PBXProject section */
		57F7F1B621CA269700DF6295 /* Project object */ = {
			isa = PBXProject;
			attributes = {
				LastSwiftUpdateCheck = 1010;
				LastUpgradeCheck = 1010;
				ORGANIZATIONNAME = "汤天明";
				TargetAttributes = {
					57F7F1BD21CA269700DF6295 = {
						CreatedOnToolsVersion = 10.1;
					};
				};
			};
			buildConfigurationList = 57F7F1B921CA269700DF6295 /* Build configuration list for PBXProject "FantasticView" */;
			compatibilityVersion = "Xcode 9.3";
			developmentRegion = en;
			hasScannedForEncodings = 0;
			knownRegions = (
				en,
				Base,
			);
			mainGroup = 57F7F1B521CA269700DF6295;
			productRefGroup = 57F7F1BF21CA269700DF6295 /* Products */;
			projectDirPath = "";
			projectRoot = "";
			targets = (
				57F7F1BD21CA269700DF6295 /* FantasticView */,
			);
		};
/* End PBXProject section */

/* Begin PBXResourcesBuildPhase section */
		57F7F1BC21CA269700DF6295 /* Resources */ = {
			isa = PBXResourcesBuildPhase;
			buildActionMask = 2147483647;
			files = (
				57F7F1CC21CA269800DF6295 /* LaunchScreen.storyboard in Resources */,
				57F7F1C921CA269800DF6295 /* Assets.xcassets in Resources */,
				57F7F1C721CA269700DF6295 /* Main.storyboard in Resources */,
			);
			runOnlyForDeploymentPostprocessing = 0;
		};
/* End PBXResourcesBuildPhase section */

/* Begin PBXSourcesBuildPhase section */
		57F7F1BA21CA269700DF6295 /* Sources */ = {
			isa = PBXSourcesBuildPhase;
			buildActionMask = 2147483647;
			files = (
				57F7F1C421CA269700DF6295 /* ViewController.swift in Sources */,
				57F7F1C221CA269700DF6295 /* AppDelegate.swift in Sources */,
				57F7F1D421CA26B600DF6295 /* FantasticView.swift in Sources */,
			);
			runOnlyForDeploymentPostprocessing = 0;
		};
/* End PBXSourcesBuildPhase section */

/* Begin PBXVariantGroup section */
		57F7F1C521CA269700DF6295 /* Main.storyboard */ = {
			isa = PBXVariantGroup;
			children = (
				57F7F1C621CA269700DF6295 /* Base */,
			);
			name = Main.storyboard;
			sourceTree = "<group>";
		};
		57F7F1CA21CA269800DF6295 /* LaunchScreen.storyboard */ = {
			isa = PBXVariantGroup;
			children = (
				57F7F1CB21CA269800DF6295 /* Base */,
			);
			name = LaunchScreen.storyboard;
			sourceTree = "<group>";
		};
/* End PBXVariantGroup section */

/* Begin XCBuildConfiguration section */
		57F7F1CE21CA269800DF6295 /* Debug */ = {
			isa = XCBuildConfiguration;
			buildSettings = {
				ALWAYS_SEARCH_USER_PATHS = NO;
				CLANG_ANALYZER_NONNULL = YES;
				CLANG_ANALYZER_NUMBER_OBJECT_CONVERSION = YES_AGGRESSIVE;
				CLANG_CXX_LANGUAGE_STANDARD = "gnu++14";
				CLANG_CXX_LIBRARY = "libc++";
				CLANG_ENABLE_MODULES = YES;
				CLANG_ENABLE_OBJC_ARC = YES;
				CLANG_ENABLE_OBJC_WEAK = YES;
				CLANG_WARN_BLOCK_CAPTURE_AUTORELEASING = YES;
				CLANG_WARN_BOOL_CONVERSION = YES;
				CLANG_WARN_COMMA = YES;
				CLANG_WARN_CONSTANT_CONVERSION = YES;
				CLANG_WARN_DEPRECATED_OBJC_IMPLEMENTATIONS = YES;
				CLANG_WARN_DIRECT_OBJC_ISA_USAGE = YES_ERROR;
				CLANG_WARN_DOCUMENTATION_COMMENTS = YES;
				CLANG_WARN_EMPTY_BODY = YES;
				CLANG_WARN_ENUM_CONVERSION = YES;
				CLANG_WARN_INFINITE_RECURSION = YES;
				CLANG_WARN_INT_CONVERSION = YES;
				CLANG_WARN_NON_LITERAL_NULL_CONVERSION = YES;
				CLANG_WARN_OBJC_IMPLICIT_RETAIN_SELF = YES;
				CLANG_WARN_OBJC_LITERAL_CONVERSION = YES;
				CLANG_WARN_OBJC_ROOT_CLASS = YES_ERROR;
				CLANG_WARN_RANGE_LOOP_ANALYSIS = YES;
				CLANG_WARN_STRICT_PROTOTYPES = YES;
				CLANG_WARN_SUSPICIOUS_MOVE = YES;
				CLANG_WARN_UNGUARDED_AVAILABILITY = YES_AGGRESSIVE;
				CLANG_WARN_UNREACHABLE_CODE = YES;
				CLANG_WARN__DUPLICATE_METHOD_MATCH = YES;
				CODE_SIGN_IDENTITY = "iPhone Developer";
				COPY_PHASE_STRIP = NO;
				DEBUG_INFORMATION_FORMAT = dwarf;
				ENABLE_STRICT_OBJC_MSGSEND = YES;
				ENABLE_TESTABILITY = YES;
				GCC_C_LANGUAGE_STANDARD = gnu11;
				GCC_DYNAMIC_NO_PIC = NO;
				GCC_NO_COMMON_BLOCKS = YES;
				GCC_OPTIMIZATION_LEVEL = 0;
				GCC_PREPROCESSOR_DEFINITIONS = (
					"DEBUG=1",
					"$(inherited)",
				);
				GCC_WARN_64_TO_32_BIT_CONVERSION = YES;
				GCC_WARN_ABOUT_RETURN_TYPE = YES_ERROR;
				GCC_WARN_UNDECLARED_SELECTOR = YES;
				GCC_WARN_UNINITIALIZED_AUTOS = YES_AGGRESSIVE;
				GCC_WARN_UNUSED_FUNCTION = YES;
				GCC_WARN_UNUSED_VARIABLE = YES;
				IPHONEOS_DEPLOYMENT_TARGET = 12.1;
				MTL_ENABLE_DEBUG_INFO = INCLUDE_SOURCE;
				MTL_FAST_MATH = YES;
				ONLY_ACTIVE_ARCH = YES;
				SDKROOT = iphoneos;
				SWIFT_ACTIVE_COMPILATION_CONDITIONS = DEBUG;
				SWIFT_OPTIMIZATION_LEVEL = "-Onone";
			};
			name = Debug;
		};
		57F7F1CF21CA269800DF6295 /* Release */ = {
			isa = XCBuildConfiguration;
			buildSettings = {
				ALWAYS_SEARCH_USER_PATHS = NO;
				CLANG_ANALYZER_NONNULL = YES;
				CLANG_ANALYZER_NUMBER_OBJECT_CONVERSION = YES_AGGRESSIVE;
				CLANG_CXX_LANGUAGE_STANDARD = "gnu++14";
				CLANG_CXX_LIBRARY = "libc++";
				CLANG_ENABLE_MODULES = YES;
				CLANG_ENABLE_OBJC_ARC = YES;
				CLANG_ENABLE_OBJC_WEAK = YES;
				CLANG_WARN_BLOCK_CAPTURE_AUTORELEASING = YES;
				CLANG_WARN_BOOL_CONVERSION = YES;
				CLANG_WARN_COMMA = YES;
				CLANG_WARN_CONSTANT_CONVERSION = YES;
				CLANG_WARN_DEPRECATED_OBJC_IMPLEMENTATIONS = YES;
				CLANG_WARN_DIRECT_OBJC_ISA_USAGE = YES_ERROR;
				CLANG_WARN_DOCUMENTATION_COMMENTS = YES;
				CLANG_WARN_EMPTY_BODY = YES;
				CLANG_WARN_ENUM_CONVERSION = YES;
				CLANG_WARN_INFINITE_RECURSION = YES;
				CLANG_WARN_INT_CONVERSION = YES;
				CLANG_WARN_NON_LITERAL_NULL_CONVERSION = YES;
				CLANG_WARN_OBJC_IMPLICIT_RETAIN_SELF = YES;
				CLANG_WARN_OBJC_LITERAL_CONVERSION = YES;
				CLANG_WARN_OBJC_ROOT_CLASS = YES_ERROR;
				CLANG_WARN_RANGE_LOOP_ANALYSIS = YES;
				CLANG_WARN_STRICT_PROTOTYPES = YES;
				CLANG_WARN_SUSPICIOUS_MOVE = YES;
				CLANG_WARN_UNGUARDED_AVAILABILITY = YES_AGGRESSIVE;
				CLANG_WARN_UNREACHABLE_CODE = YES;
				CLANG_WARN__DUPLICATE_METHOD_MATCH = YES;
				CODE_SIGN_IDENTITY = "iPhone Developer";
				COPY_PHASE_STRIP = NO;
				DEBUG_INFORMATION_FORMAT = "dwarf-with-dsym";
				ENABLE_NS_ASSERTIONS = NO;
				ENABLE_STRICT_OBJC_MSGSEND = YES;
				GCC_C_LANGUAGE_STANDARD = gnu11;
				GCC_NO_COMMON_BLOCKS = YES;
				GCC_WARN_64_TO_32_BIT_CONVERSION = YES;
				GCC_WARN_ABOUT_RETURN_TYPE = YES_ERROR;
				GCC_WARN_UNDECLARED_SELECTOR = YES;
				GCC_WARN_UNINITIALIZED_AUTOS = YES_AGGRESSIVE;
				GCC_WARN_UNUSED_FUNCTION = YES;
				GCC_WARN_UNUSED_VARIABLE = YES;
				IPHONEOS_DEPLOYMENT_TARGET = 12.1;
				MTL_ENABLE_DEBUG_INFO = NO;
				MTL_FAST_MATH = YES;
				SDKROOT = iphoneos;
				SWIFT_COMPILATION_MODE = wholemodule;
				SWIFT_OPTIMIZATION_LEVEL = "-O";
				VALIDATE_PRODUCT = YES;
			};
			name = Release;
		};
		57F7F1D121CA269800DF6295 /* Debug */ = {
			isa = XCBuildConfiguration;
			buildSettings = {
				ASSETCATALOG_COMPILER_APPICON_NAME = AppIcon;
				CODE_SIGN_STYLE = Automatic;
				INFOPLIST_FILE = FantasticView/Info.plist;
				LD_RUNPATH_SEARCH_PATHS = (
					"$(inherited)",
					"@executable_path/Frameworks",
				);
				PRODUCT_BUNDLE_IDENTIFIER = shensuanyun.com.FantasticView;
				PRODUCT_NAME = "$(TARGET_NAME)";
				SWIFT_VERSION = 4.2;
				TARGETED_DEVICE_FAMILY = "1,2";
			};
			name = Debug;
		};
		57F7F1D221CA269800DF6295 /* Release */ = {
			isa = XCBuildConfiguration;
			buildSettings = {
				ASSETCATALOG_COMPILER_APPICON_NAME = AppIcon;
				CODE_SIGN_STYLE = Automatic;
				INFOPLIST_FILE = FantasticView/Info.plist;
				LD_RUNPATH_SEARCH_PATHS = (
					"$(inherited)",
					"@executable_path/Frameworks",
				);
				PRODUCT_BUNDLE_IDENTIFIER = shensuanyun.com.FantasticView;
				PRODUCT_NAME = "$(TARGET_NAME)";
				SWIFT_VERSION = 4.2;
				TARGETED_DEVICE_FAMILY = "1,2";
			};
			name = Release;
		};
/* End XCBuildConfiguration section */

/* Begin XCConfigurationList section */
		57F7F1B921CA269700DF6295 /* Build configuration list for PBXProject "FantasticView" */ = {
			isa = XCConfigurationList;
			buildConfigurations = (
				57F7F1CE21CA269800DF6295 /* Debug */,
				57F7F1CF21CA269800DF6295 /* Release */,
			);
			defaultConfigurationIsVisible = 0;
			defaultConfigurationName = Release;
		};
		57F7F1D021CA269800DF6295 /* Build configuration list for PBXNativeTarget "FantasticView" */ = {
			isa = XCConfigurationList;
			buildConfigurations = (
				57F7F1D121CA269800DF6295 /* Debug */,
				57F7F1D221CA269800DF6295 /* Release */,
			);
			defaultConfigurationIsVisible = 0;
			defaultConfigurationName = Release;
		};
/* End XCConfigurationList section */
	};
	rootObject = 57F7F1B621CA269700DF6295 /* Project object */;
}
